
Microsoft Visual Studio Solution File, Format Version 12.00
Project("{FAE04EC0-301F-11D3-BF4B-00C04F79EFBC}") = "Presentation", "Presentation\Presentation.csproj", "{77540164-7C2A-4DFB-8998-0C0A6EF684F7}"
EndProject
Project("{FAE04EC0-301F-11D3-BF4B-00C04F79EFBC}") = "Domain", "Domain\Domain.csproj", "{58C3A357-A558-4DA7-9525-C1F4A20E6C99}"
EndProject
Project("{FAE04EC0-301F-11D3-BF4B-00C04F79EFBC}") = "Application", "Application\Application.csproj", "{0FE14DEE-9048-421F-BF27-74BA849A1B36}"
EndProject
Project("{FAE04EC0-301F-11D3-BF4B-00C04F79EFBC}") = "Infrastructure", "Infrastructure\Infrastructure.csproj", "{67743585-6C3B-43B5-81DC-D6C642BACF52}"
EndProject
Global
	GlobalSection(SolutionConfigurationPlatforms) = preSolution
		Debug|Any CPU = Debug|Any CPU
		Release|Any CPU = Release|Any CPU
	EndGlobalSection
	GlobalSection(ProjectConfigurationPlatforms) = postSolution
		{77540164-7C2A-4DFB-8998-0C0A6EF684F7}.Debug|Any CPU.ActiveCfg = Debug|Any CPU
		{77540164-7C2A-4DFB-8998-0C0A6EF684F7}.Debug|Any CPU.Build.0 = Debug|Any CPU
		{77540164-7C2A-4DFB-8998-0C0A6EF684F7}.Release|Any CPU.ActiveCfg = Release|Any CPU
		{77540164-7C2A-4DFB-8998-0C0A6EF684F7}.Release|Any CPU.Build.0 = Release|Any CPU
		{58C3A357-A558-4DA7-9525-C1F4A20E6C99}.Debug|Any CPU.ActiveCfg = Debug|Any CPU
		{58C3A357-A558-4DA7-9525-C1F4A20E6C99}.Debug|Any CPU.Build.0 = Debug|Any CPU
		{58C3A357-A558-4DA7-9525-C1F4A20E6C99}.Release|Any CPU.ActiveCfg = Release|Any CPU
		{58C3A357-A558-4DA7-9525-C1F4A20E6C99}.Release|Any CPU.Build.0 = Release|Any CPU
		{0FE14DEE-9048-421F-BF27-74BA849A1B36}.Debug|Any CPU.ActiveCfg = Debug|Any CPU
		{0FE14DEE-9048-421F-BF27-74BA849A1B36}.Debug|Any CPU.Build.0 = Debug|Any CPU
		{0FE14DEE-9048-421F-BF27-74BA849A1B36}.Release|Any CPU.ActiveCfg = Release|Any CPU
		{0FE14DEE-9048-421F-BF27-74BA849A1B36}.Release|Any CPU.Build.0 = Release|Any CPU
		{67743585-6C3B-43B5-81DC-D6C642BACF52}.Debug|Any CPU.ActiveCfg = Debug|Any CPU
		{67743585-6C3B-43B5-81DC-D6C642BACF52}.Debug|Any CPU.Build.0 = Debug|Any CPU
		{67743585-6C3B-43B5-81DC-D6C642BACF52}.Release|Any CPU.ActiveCfg = Release|Any CPU
		{67743585-6C3B-43B5-81DC-D6C642BACF52}.Release|Any CPU.Build.0 = Release|Any CPU
	EndGlobalSection
EndGlobal
